
Microsoft Visual Studio Solution File, Format Version 12.00
# Visual Studio Version 17
VisualStudioVersion = 17.3.32901.215
MinimumVisualStudioVersion = 10.0.40219.1
Project("{FAE04EC0-301F-11D3-BF4B-00C04F79EFBC}") = "uygulama 1120", "uygulama 1120\uygulama 1120.csproj", "{F8DADAA8-C929-4DB6-BA0A-79FB855C82B0}"
EndProject
Global
	GlobalSection(SolutionConfigurationPlatforms) = preSolution
		Debug|Any CPU = Debug|Any CPU
		Release|Any CPU = Release|Any CPU
	EndGlobalSection
	GlobalSection(ProjectConfigurationPlatforms) = postSolution
		{F8DADAA8-C929-4DB6-BA0A-79FB855C82B0}.Debug|Any CPU.ActiveCfg = Debug|Any CPU
		{F8DADAA8-C929-4DB6-BA0A-79FB855C82B0}.Debug|Any CPU.Build.0 = Debug|Any CPU
		{F8DADAA8-C929-4DB6-BA0A-79FB855C82B0}.Release|Any CPU.ActiveCfg = Release|Any CPU
		{F8DADAA8-C929-4DB6-BA0A-79FB855C82B0}.Release|Any CPU.Build.0 = Release|Any CPU
	EndGlobalSection
	GlobalSection(SolutionProperties) = preSolution
		HideSolutionNode = FALSE
	EndGlobalSection
	GlobalSection(ExtensibilityGlobals) = postSolution
		SolutionGuid = {45B85908-A01B-489D-A582-522571C439B8}
	EndGlobalSection
EndGlobal
